
Microsoft Visual Studio Solution File, Format Version 12.00
# Visual Studio 15
VisualStudioVersion = 15.0.28307.271
MinimumVisualStudioVersion = 10.0.40219.1
Project("{FAE04EC0-301F-11D3-BF4B-00C04F79EFBC}") = "RedSpartan.Mvvm", "RedSpartan.Mvvm\RedSpartan.Mvvm.csproj", "{01BA5B84-3E2E-4C65-981B-934FFCE101E9}"
EndProject
Project("{2150E333-8FDC-42A3-9474-1A3956D46DE8}") = "Tests", "Tests", "{38946307-D0CF-4E17-9741-F99E71A79C22}"
EndProject
Project("{FAE04EC0-301F-11D3-BF4B-00C04F79EFBC}") = "RedSpartan.Mvvm.Tests", "RedSpartan.Mvvm.Tests\RedSpartan.Mvvm.Tests.csproj", "{53A77B32-7671-4D37-82EE-5C62A2EDA68B}"
EndProject
Global
	GlobalSection(SolutionConfigurationPlatforms) = preSolution
		Debug|Any CPU = Debug|Any CPU
		Release|Any CPU = Release|Any CPU
	EndGlobalSection
	GlobalSection(ProjectConfigurationPlatforms) = postSolution
		{01BA5B84-3E2E-4C65-981B-934FFCE101E9}.Debug|Any CPU.ActiveCfg = Debug|Any CPU
		{01BA5B84-3E2E-4C65-981B-934FFCE101E9}.Debug|Any CPU.Build.0 = Debug|Any CPU
		{01BA5B84-3E2E-4C65-981B-934FFCE101E9}.Release|Any CPU.ActiveCfg = Release|Any CPU
		{01BA5B84-3E2E-4C65-981B-934FFCE101E9}.Release|Any CPU.Build.0 = Release|Any CPU
		{53A77B32-7671-4D37-82EE-5C62A2EDA68B}.Debug|Any CPU.ActiveCfg = Debug|Any CPU
		{53A77B32-7671-4D37-82EE-5C62A2EDA68B}.Debug|Any CPU.Build.0 = Debug|Any CPU
		{53A77B32-7671-4D37-82EE-5C62A2EDA68B}.Release|Any CPU.ActiveCfg = Release|Any CPU
		{53A77B32-7671-4D37-82EE-5C62A2EDA68B}.Release|Any CPU.Build.0 = Release|Any CPU
	EndGlobalSection
	GlobalSection(SolutionProperties) = preSolution
		HideSolutionNode = FALSE
	EndGlobalSection
	GlobalSection(NestedProjects) = preSolution
		{53A77B32-7671-4D37-82EE-5C62A2EDA68B} = {38946307-D0CF-4E17-9741-F99E71A79C22}
	EndGlobalSection
	GlobalSection(ExtensibilityGlobals) = postSolution
		SolutionGuid = {E3F13C65-33C0-4B43-BFD3-A88AB934EE35}
	EndGlobalSection
EndGlobal
